
Microsoft Visual Studio Solution File, Format Version 12.00
# Visual Studio Version 16
VisualStudioVersion = 16.0.29424.173
MinimumVisualStudioVersion = 10.0.40219.1
Project("{FAE04EC0-301F-11D3-BF4B-00C04F79EFBC}") = "NBSTimeReporting", "NBSTimeReporting.csproj", "{67C8E22C-DFA9-4051-8A5F-9B0FCE921C05}"
EndProject
Global
	GlobalSection(SolutionConfigurationPlatforms) = preSolution
		Debug|Any CPU = Debug|Any CPU
		Release|Any CPU = Release|Any CPU
	EndGlobalSection
	GlobalSection(ProjectConfigurationPlatforms) = postSolution
		{67C8E22C-DFA9-4051-8A5F-9B0FCE921C05}.Debug|Any CPU.ActiveCfg = Debug|Any CPU
		{67C8E22C-DFA9-4051-8A5F-9B0FCE921C05}.Debug|Any CPU.Build.0 = Debug|Any CPU
		{67C8E22C-DFA9-4051-8A5F-9B0FCE921C05}.Release|Any CPU.ActiveCfg = Release|Any CPU
		{67C8E22C-DFA9-4051-8A5F-9B0FCE921C05}.Release|Any CPU.Build.0 = Release|Any CPU
	EndGlobalSection
	GlobalSection(SolutionProperties) = preSolution
		HideSolutionNode = FALSE
	EndGlobalSection
	GlobalSection(ExtensibilityGlobals) = postSolution
		SolutionGuid = {10240D07-1A8E-4963-A8DC-AFCA084445A6}
	EndGlobalSection
EndGlobal
